
Microsoft Visual Studio Solution File, Format Version 12.00
# Visual Studio 15
VisualStudioVersion = 15.0.27130.2026
MinimumVisualStudioVersion = 10.0.40219.1
Project("{9A19103F-16F7-4668-BE54-9A1E7A4F7556}") = "RazorPagesProject.Tests", "tests\RazorPagesProject.Tests\RazorPagesProject.Tests.csproj", "{8B425481-B61B-4FFA-9068-EF13580A14EC}"
EndProject
Project("{9A19103F-16F7-4668-BE54-9A1E7A4F7556}") = "RazorPagesProject", "src\RazorPagesProject\RazorPagesProject.csproj", "{4C039F39-7E2A-4714-A6FB-E3578C180FD3}"
EndProject
Global
	GlobalSection(SolutionConfigurationPlatforms) = preSolution
		Debug|Any CPU = Debug|Any CPU
		Release|Any CPU = Release|Any CPU
	EndGlobalSection
	GlobalSection(ProjectConfigurationPlatforms) = postSolution
		{8B425481-B61B-4FFA-9068-EF13580A14EC}.Debug|Any CPU.ActiveCfg = Debug|Any CPU
		{8B425481-B61B-4FFA-9068-EF13580A14EC}.Debug|Any CPU.Build.0 = Debug|Any CPU
		{8B425481-B61B-4FFA-9068-EF13580A14EC}.Release|Any CPU.ActiveCfg = Release|Any CPU
		{8B425481-B61B-4FFA-9068-EF13580A14EC}.Release|Any CPU.Build.0 = Release|Any CPU
		{4C039F39-7E2A-4714-A6FB-E3578C180FD3}.Debug|Any CPU.ActiveCfg = Debug|Any CPU
		{4C039F39-7E2A-4714-A6FB-E3578C180FD3}.Debug|Any CPU.Build.0 = Debug|Any CPU
		{4C039F39-7E2A-4714-A6FB-E3578C180FD3}.Release|Any CPU.ActiveCfg = Release|Any CPU
		{4C039F39-7E2A-4714-A6FB-E3578C180FD3}.Release|Any CPU.Build.0 = Release|Any CPU
	EndGlobalSection
	GlobalSection(SolutionProperties) = preSolution
		HideSolutionNode = FALSE
	EndGlobalSection
	GlobalSection(ExtensibilityGlobals) = postSolution
		SolutionGuid = {9F22AF99-F3D2-4E63-8746-2429660D1B5F}
	EndGlobalSection
EndGlobal
