
Microsoft Visual Studio Solution File, Format Version 12.00
# Visual Studio 15
VisualStudioVersion = 15.0.27130.2026
MinimumVisualStudioVersion = 10.0.40219.1
Project("{9A19103F-16F7-4668-BE54-9A1E7A4F7556}") = "DependencyInjectionSample", "DependencyInjectionSample.csproj", "{7083F1CC-8F16-4CF8-945A-B0686D80AD0F}"
EndProject
Project("{9A19103F-16F7-4668-BE54-9A1E7A4F7556}") = "ThirdPartyAssembly", "..\ThirdPartyAssembly\ThirdPartyAssembly.csproj", "{96A2AFD5-D3EA-46E5-BA21-BEC073AFE725}"
EndProject
Global
	GlobalSection(SolutionConfigurationPlatforms) = preSolution
		Debug|Any CPU = Debug|Any CPU
		Release|Any CPU = Release|Any CPU
	EndGlobalSection
	GlobalSection(ProjectConfigurationPlatforms) = postSolution
		{7083F1CC-8F16-4CF8-945A-B0686D80AD0F}.Debug|Any CPU.ActiveCfg = Debug|Any CPU
		{7083F1CC-8F16-4CF8-945A-B0686D80AD0F}.Debug|Any CPU.Build.0 = Debug|Any CPU
		{7083F1CC-8F16-4CF8-945A-B0686D80AD0F}.Release|Any CPU.ActiveCfg = Release|Any CPU
		{7083F1CC-8F16-4CF8-945A-B0686D80AD0F}.Release|Any CPU.Build.0 = Release|Any CPU
		{96A2AFD5-D3EA-46E5-BA21-BEC073AFE725}.Debug|Any CPU.ActiveCfg = Debug|Any CPU
		{96A2AFD5-D3EA-46E5-BA21-BEC073AFE725}.Debug|Any CPU.Build.0 = Debug|Any CPU
		{96A2AFD5-D3EA-46E5-BA21-BEC073AFE725}.Release|Any CPU.ActiveCfg = Release|Any CPU
		{96A2AFD5-D3EA-46E5-BA21-BEC073AFE725}.Release|Any CPU.Build.0 = Release|Any CPU
	EndGlobalSection
	GlobalSection(SolutionProperties) = preSolution
		HideSolutionNode = FALSE
	EndGlobalSection
	GlobalSection(ExtensibilityGlobals) = postSolution
		SolutionGuid = {548AC68E-DCC8-482A-B578-B2D7D192B186}
	EndGlobalSection
EndGlobal
